
Microsoft Visual Studio Solution File, Format Version 12.00
# Visual Studio 2012
Project("{FAE04EC0-301F-11D3-BF4B-00C04F79EFBC}") = "TinyFileManagerMVC.Net", "TinyFileManagerMVC.Net\TinyFileManagerMVC.Net\TinyFileManagerMVC.Net.csproj", "{F81994B0-8517-4CD2-8EBE-BD890A4209DC}"
EndProject
Project("{FAE04EC0-301F-11D3-BF4B-00C04F79EFBC}") = "TinyFileManagerMVC.Net.Library", "TinyFileManagerMVC.Net\TinyFileManagerMVC.Net.Library\TinyFileManagerMVC.Net.Library.csproj", "{01E57C7F-640E-4C8D-A068-DA7619468C4E}"
EndProject
Global
	GlobalSection(SolutionConfigurationPlatforms) = preSolution
		Debug|Any CPU = Debug|Any CPU
		Release|Any CPU = Release|Any CPU
	EndGlobalSection
	GlobalSection(ProjectConfigurationPlatforms) = postSolution
		{F81994B0-8517-4CD2-8EBE-BD890A4209DC}.Debug|Any CPU.ActiveCfg = Debug|Any CPU
		{F81994B0-8517-4CD2-8EBE-BD890A4209DC}.Debug|Any CPU.Build.0 = Debug|Any CPU
		{F81994B0-8517-4CD2-8EBE-BD890A4209DC}.Release|Any CPU.ActiveCfg = Release|Any CPU
		{F81994B0-8517-4CD2-8EBE-BD890A4209DC}.Release|Any CPU.Build.0 = Release|Any CPU
		{01E57C7F-640E-4C8D-A068-DA7619468C4E}.Debug|Any CPU.ActiveCfg = Debug|Any CPU
		{01E57C7F-640E-4C8D-A068-DA7619468C4E}.Debug|Any CPU.Build.0 = Debug|Any CPU
		{01E57C7F-640E-4C8D-A068-DA7619468C4E}.Release|Any CPU.ActiveCfg = Release|Any CPU
		{01E57C7F-640E-4C8D-A068-DA7619468C4E}.Release|Any CPU.Build.0 = Release|Any CPU
	EndGlobalSection
	GlobalSection(SolutionProperties) = preSolution
		HideSolutionNode = FALSE
	EndGlobalSection
EndGlobal
